{
  "name": "@anthropic-ai/claude-code",
  "version": "1.0.38",
  "lockfileVersion": 3,
  "requires": true,
  "packages": {
    "": {
      "name": "@anthropic-ai/claude-code",
      "version": "1.0.38",
      "license": "UNLICENSED",
      "bin": {
        "claude": "bin/claude"
      },
      "engines": {
        "node": ">=18.0.0"
      }
    }
  }
} 